// !$*UTF8*$!
{
	archiveVersion = 1;
	classes = {
	};
	objectVersion = 50;
	objects = {

/* Begin PBXBuildFile section */
		051983CA2460145D00AB5E75 /* AppDelegate.swift in Sources */ = {isa = PBXBuildFile; fileRef = 051983C92460145D00AB5E75 /* AppDelegate.swift */; };
		051983CC2460145D00AB5E75 /* SceneDelegate.swift in Sources */ = {isa = PBXBuildFile; fileRef = 051983CB2460145D00AB5E75 /* SceneDelegate.swift */; };
		051983CE2460145D00AB5E75 /* MainScreenViewController.swift in Sources */ = {isa = PBXBuildFile; fileRef = 051983CD2460145D00AB5E75 /* MainScreenViewController.swift */; };
		051983D32460145D00AB5E75 /* Assets.xcassets in Resources */ = {isa = PBXBuildFile; fileRef = 051983D22460145D00AB5E75 /* Assets.xcassets */; };
		051983D62460145D00AB5E75 /* LaunchScreen.storyboard in Resources */ = {isa = PBXBuildFile; fileRef = 051983D42460145D00AB5E75 /* LaunchScreen.storyboard */; };
		0574E4AE246024030081FCD0 /* MainScreenView.swift in Sources */ = {isa = PBXBuildFile; fileRef = 0574E4AD246024030081FCD0 /* MainScreenView.swift */; };
		05A0A6652461AEC6006428E0 /* SettingsScreenViewController.swift in Sources */ = {isa = PBXBuildFile; fileRef = 05A0A6642461AEC6006428E0 /* SettingsScreenViewController.swift */; };
		05A0A6692461B4D0006428E0 /* SettingsFieldView.swift in Sources */ = {isa = PBXBuildFile; fileRef = 05A0A6682461B4D0006428E0 /* SettingsFieldView.swift */; };
		05A0A66B2461C003006428E0 /* SettingsScreenView.swift in Sources */ = {isa = PBXBuildFile; fileRef = 05A0A66A2461C003006428E0 /* SettingsScreenView.swift */; };
		05AEC5A624602F7500C35A0F /* MusicControlView.swift in Sources */ = {isa = PBXBuildFile; fileRef = 05AEC5A524602F7500C35A0F /* MusicControlView.swift */; };
		05AEC5AA246034E600C35A0F /* UIView+TabataTimer.swift in Sources */ = {isa = PBXBuildFile; fileRef = 05AEC5A9246034E600C35A0F /* UIView+TabataTimer.swift */; };
		05AEC5AE2460748400C35A0F /* MusicPlayerManager.swift in Sources */ = {isa = PBXBuildFile; fileRef = 05AEC5AD2460748400C35A0F /* MusicPlayerManager.swift */; };
		05AEC5B52460A8B300C35A0F /* CircleProgressView.swift in Sources */ = {isa = PBXBuildFile; fileRef = 05AEC5B42460A8B300C35A0F /* CircleProgressView.swift */; };
		05DBB7BC24615C140042E8B6 /* UIColor+TabataTimer.swift in Sources */ = {isa = PBXBuildFile; fileRef = 05DBB7BB24615C140042E8B6 /* UIColor+TabataTimer.swift */; };
		05DBB7BE24616C140042E8B6 /* CGFloat+TabataTimer.swift in Sources */ = {isa = PBXBuildFile; fileRef = 05DBB7BD24616C140042E8B6 /* CGFloat+TabataTimer.swift */; };
		05DBB7C0246181BE0042E8B6 /* BottomControlPanelView.swift in Sources */ = {isa = PBXBuildFile; fileRef = 05DBB7BF246181BE0042E8B6 /* BottomControlPanelView.swift */; };
/* End PBXBuildFile section */

/* Begin PBXFileReference section */
		051983C62460145D00AB5E75 /* TabataTimer.app */ = {isa = PBXFileReference; explicitFileType = wrapper.application; includeInIndex = 0; path = TabataTimer.app; sourceTree = BUILT_PRODUCTS_DIR; };
		051983C92460145D00AB5E75 /* AppDelegate.swift */ = {isa = PBXFileReference; lastKnownFileType = sourcecode.swift; path = AppDelegate.swift; sourceTree = "<group>"; };
		051983CB2460145D00AB5E75 /* SceneDelegate.swift */ = {isa = PBXFileReference; lastKnownFileType = sourcecode.swift; path = SceneDelegate.swift; sourceTree = "<group>"; };
		051983CD2460145D00AB5E75 /* MainScreenViewController.swift */ = {isa = PBXFileReference; lastKnownFileType = sourcecode.swift; path = MainScreenViewController.swift; sourceTree = "<group>"; };
		051983D22460145D00AB5E75 /* Assets.xcassets */ = {isa = PBXFileReference; lastKnownFileType = folder.assetcatalog; path = Assets.xcassets; sourceTree = "<group>"; };
		051983D52460145D00AB5E75 /* Base */ = {isa = PBXFileReference; lastKnownFileType = file.storyboard; name = Base; path = Base.lproj/LaunchScreen.storyboard; sourceTree = "<group>"; };
		051983D72460145D00AB5E75 /* Info.plist */ = {isa = PBXFileReference; lastKnownFileType = text.plist.xml; path = Info.plist; sourceTree = "<group>"; };
		0574E4AD246024030081FCD0 /* MainScreenView.swift */ = {isa = PBXFileReference; lastKnownFileType = sourcecode.swift; path = MainScreenView.swift; sourceTree = "<group>"; };
		05A0A6642461AEC6006428E0 /* SettingsScreenViewController.swift */ = {isa = PBXFileReference; lastKnownFileType = sourcecode.swift; path = SettingsScreenViewController.swift; sourceTree = "<group>"; };
		05A0A6682461B4D0006428E0 /* SettingsFieldView.swift */ = {isa = PBXFileReference; lastKnownFileType = sourcecode.swift; path = SettingsFieldView.swift; sourceTree = "<group>"; };
		05A0A66A2461C003006428E0 /* SettingsScreenView.swift */ = {isa = PBXFileReference; lastKnownFileType = sourcecode.swift; path = SettingsScreenView.swift; sourceTree = "<group>"; };
		05AEC5A524602F7500C35A0F /* MusicControlView.swift */ = {isa = PBXFileReference; lastKnownFileType = sourcecode.swift; path = MusicControlView.swift; sourceTree = "<group>"; };
		05AEC5A9246034E600C35A0F /* UIView+TabataTimer.swift */ = {isa = PBXFileReference; lastKnownFileType = sourcecode.swift; path = "UIView+TabataTimer.swift"; sourceTree = "<group>"; };
		05AEC5AD2460748400C35A0F /* MusicPlayerManager.swift */ = {isa = PBXFileReference; lastKnownFileType = sourcecode.swift; path = MusicPlayerManager.swift; sourceTree = "<group>"; };
		05AEC5B42460A8B300C35A0F /* CircleProgressView.swift */ = {isa = PBXFileReference; lastKnownFileType = sourcecode.swift; path = CircleProgressView.swift; sourceTree = "<group>"; };
		05DBB7BB24615C140042E8B6 /* UIColor+TabataTimer.swift */ = {isa = PBXFileReference; lastKnownFileType = sourcecode.swift; path = "UIColor+TabataTimer.swift"; sourceTree = "<group>"; };
		05DBB7BD24616C140042E8B6 /* CGFloat+TabataTimer.swift */ = {isa = PBXFileReference; lastKnownFileType = sourcecode.swift; path = "CGFloat+TabataTimer.swift"; sourceTree = "<group>"; };
		05DBB7BF246181BE0042E8B6 /* BottomControlPanelView.swift */ = {isa = PBXFileReference; lastKnownFileType = sourcecode.swift; path = BottomControlPanelView.swift; sourceTree = "<group>"; };
/* End PBXFileReference section */

/* Begin PBXFrameworksBuildPhase section */
		051983C32460145D00AB5E75 /* Frameworks */ = {
			isa = PBXFrameworksBuildPhase;
			buildActionMask = 2147483647;
			files = (
			);
			runOnlyForDeploymentPostprocessing = 0;
		};
/* End PBXFrameworksBuildPhase section */

/* Begin PBXGroup section */
		051983BD2460145D00AB5E75 = {
			isa = PBXGroup;
			children = (
				051983C82460145D00AB5E75 /* TabataTimer */,
				051983C72460145D00AB5E75 /* Products */,
			);
			sourceTree = "<group>";
		};
		051983C72460145D00AB5E75 /* Products */ = {
			isa = PBXGroup;
			children = (
				051983C62460145D00AB5E75 /* TabataTimer.app */,
			);
			name = Products;
			sourceTree = "<group>";
		};
		051983C82460145D00AB5E75 /* TabataTimer */ = {
			isa = PBXGroup;
			children = (
				051983DF2460157C00AB5E75 /* Screens */,
				051983DE2460155600AB5E75 /* Assets */,
				051983DD2460153B00AB5E75 /* SupportingFiles */,
			);
			path = TabataTimer;
			sourceTree = "<group>";
		};
		051983DD2460153B00AB5E75 /* SupportingFiles */ = {
			isa = PBXGroup;
			children = (
				05AEC5A8246034B800C35A0F /* Extensions */,
				051983C92460145D00AB5E75 /* AppDelegate.swift */,
				051983CB2460145D00AB5E75 /* SceneDelegate.swift */,
				051983D72460145D00AB5E75 /* Info.plist */,
				05AEC5AD2460748400C35A0F /* MusicPlayerManager.swift */,
			);
			path = SupportingFiles;
			sourceTree = "<group>";
		};
		051983DE2460155600AB5E75 /* Assets */ = {
			isa = PBXGroup;
			children = (
				051983D22460145D00AB5E75 /* Assets.xcassets */,
				051983D42460145D00AB5E75 /* LaunchScreen.storyboard */,
			);
			path = Assets;
			sourceTree = "<group>";
		};
		051983DF2460157C00AB5E75 /* Screens */ = {
			isa = PBXGroup;
			children = (
				05A0A6632461AABA006428E0 /* SettingsScreen */,
				05AEC5B32460A81A00C35A0F /* MainScreen */,
			);
			path = Screens;
			sourceTree = "<group>";
		};
		0574E4AC246023E70081FCD0 /* View */ = {
			isa = PBXGroup;
			children = (
				05DBB7C124619D600042E8B6 /* Subviews */,
				0574E4AD246024030081FCD0 /* MainScreenView.swift */,
			);
			path = View;
			sourceTree = "<group>";
		};
		05A0A6632461AABA006428E0 /* SettingsScreen */ = {
			isa = PBXGroup;
			children = (
				05A0A6662461B4A6006428E0 /* View */,
				05A0A6642461AEC6006428E0 /* SettingsScreenViewController.swift */,
			);
			path = SettingsScreen;
			sourceTree = "<group>";
		};
		05A0A6662461B4A6006428E0 /* View */ = {
			isa = PBXGroup;
			children = (
				05A0A6672461B4AC006428E0 /* Subviews */,
				05A0A66A2461C003006428E0 /* SettingsScreenView.swift */,
			);
			path = View;
			sourceTree = "<group>";
		};
		05A0A6672461B4AC006428E0 /* Subviews */ = {
			isa = PBXGroup;
			children = (
				05A0A6682461B4D0006428E0 /* SettingsFieldView.swift */,
			);
			path = Subviews;
			sourceTree = "<group>";
		};
		05AEC5A8246034B800C35A0F /* Extensions */ = {
			isa = PBXGroup;
			children = (
				05AEC5A9246034E600C35A0F /* UIView+TabataTimer.swift */,
				05DBB7BB24615C140042E8B6 /* UIColor+TabataTimer.swift */,
				05DBB7BD24616C140042E8B6 /* CGFloat+TabataTimer.swift */,
			);
			path = Extensions;
			sourceTree = "<group>";
		};
		05AEC5B32460A81A00C35A0F /* MainScreen */ = {
			isa = PBXGroup;
			children = (
				051983CD2460145D00AB5E75 /* MainScreenViewController.swift */,
				0574E4AC246023E70081FCD0 /* View */,
			);
			path = MainScreen;
			sourceTree = "<group>";
		};
		05DBB7C124619D600042E8B6 /* Subviews */ = {
			isa = PBXGroup;
			children = (
				05AEC5A524602F7500C35A0F /* MusicControlView.swift */,
				05AEC5B42460A8B300C35A0F /* CircleProgressView.swift */,
				05DBB7BF246181BE0042E8B6 /* BottomControlPanelView.swift */,
			);
			path = Subviews;
			sourceTree = "<group>";
		};
/* End PBXGroup section */

/* Begin PBXNativeTarget section */
		051983C52460145D00AB5E75 /* TabataTimer */ = {
			isa = PBXNativeTarget;
			buildConfigurationList = 051983DA2460145D00AB5E75 /* Build configuration list for PBXNativeTarget "TabataTimer" */;
			buildPhases = (
				051983C22460145D00AB5E75 /* Sources */,
				051983C32460145D00AB5E75 /* Frameworks */,
				051983C42460145D00AB5E75 /* Resources */,
			);
			buildRules = (
			);
			dependencies = (
			);
			name = TabataTimer;
			productName = TabataTimer;
			productReference = 051983C62460145D00AB5E75 /* TabataTimer.app */;
			productType = "com.apple.product-type.application";
		};
/* End PBXNativeTarget section */

/* Begin PBXProject section */
		051983BE2460145D00AB5E75 /* Project object */ = {
			isa = PBXProject;
			attributes = {
				LastSwiftUpdateCheck = 1140;
				LastUpgradeCheck = 1140;
				ORGANIZATIONNAME = "Иван Савин";
				TargetAttributes = {
					051983C52460145D00AB5E75 = {
						CreatedOnToolsVersion = 11.4.1;
					};
				};
			};
			buildConfigurationList = 051983C12460145D00AB5E75 /* Build configuration list for PBXProject "TabataTimer" */;
			compatibilityVersion = "Xcode 9.3";
			developmentRegion = en;
			hasScannedForEncodings = 0;
			knownRegions = (
				en,
				Base,
			);
			mainGroup = 051983BD2460145D00AB5E75;
			productRefGroup = 051983C72460145D00AB5E75 /* Products */;
			projectDirPath = "";
			projectRoot = "";
			targets = (
				051983C52460145D00AB5E75 /* TabataTimer */,
			);
		};
/* End PBXProject section */

/* Begin PBXResourcesBuildPhase section */
		051983C42460145D00AB5E75 /* Resources */ = {
			isa = PBXResourcesBuildPhase;
			buildActionMask = 2147483647;
			files = (
				051983D62460145D00AB5E75 /* LaunchScreen.storyboard in Resources */,
				051983D32460145D00AB5E75 /* Assets.xcassets in Resources */,
			);
			runOnlyForDeploymentPostprocessing = 0;
		};
/* End PBXResourcesBuildPhase section */

/* Begin PBXSourcesBuildPhase section */
		051983C22460145D00AB5E75 /* Sources */ = {
			isa = PBXSourcesBuildPhase;
			buildActionMask = 2147483647;
			files = (
				051983CE2460145D00AB5E75 /* MainScreenViewController.swift in Sources */,
				05AEC5AE2460748400C35A0F /* MusicPlayerManager.swift in Sources */,
				05AEC5A624602F7500C35A0F /* MusicControlView.swift in Sources */,
				05DBB7BE24616C140042E8B6 /* CGFloat+TabataTimer.swift in Sources */,
				051983CA2460145D00AB5E75 /* AppDelegate.swift in Sources */,
				05A0A66B2461C003006428E0 /* SettingsScreenView.swift in Sources */,
				05A0A6652461AEC6006428E0 /* SettingsScreenViewController.swift in Sources */,
				05DBB7C0246181BE0042E8B6 /* BottomControlPanelView.swift in Sources */,
				05DBB7BC24615C140042E8B6 /* UIColor+TabataTimer.swift in Sources */,
				051983CC2460145D00AB5E75 /* SceneDelegate.swift in Sources */,
				05A0A6692461B4D0006428E0 /* SettingsFieldView.swift in Sources */,
				05AEC5B52460A8B300C35A0F /* CircleProgressView.swift in Sources */,
				0574E4AE246024030081FCD0 /* MainScreenView.swift in Sources */,
				05AEC5AA246034E600C35A0F /* UIView+TabataTimer.swift in Sources */,
			);
			runOnlyForDeploymentPostprocessing = 0;
		};
/* End PBXSourcesBuildPhase section */

/* Begin PBXVariantGroup section */
		051983D42460145D00AB5E75 /* LaunchScreen.storyboard */ = {
			isa = PBXVariantGroup;
			children = (
				051983D52460145D00AB5E75 /* Base */,
			);
			name = LaunchScreen.storyboard;
			sourceTree = "<group>";
		};
/* End PBXVariantGroup section */

/* Begin XCBuildConfiguration section */
		051983D82460145D00AB5E75 /* Debug */ = {
			isa = XCBuildConfiguration;
			buildSettings = {
				ALWAYS_SEARCH_USER_PATHS = NO;
				CLANG_ANALYZER_NONNULL = YES;
				CLANG_ANALYZER_NUMBER_OBJECT_CONVERSION = YES_AGGRESSIVE;
				CLANG_CXX_LANGUAGE_STANDARD = "gnu++14";
				CLANG_CXX_LIBRARY = "libc++";
				CLANG_ENABLE_MODULES = YES;
				CLANG_ENABLE_OBJC_ARC = YES;
				CLANG_ENABLE_OBJC_WEAK = YES;
				CLANG_WARN_BLOCK_CAPTURE_AUTORELEASING = YES;
				CLANG_WARN_BOOL_CONVERSION = YES;
				CLANG_WARN_COMMA = YES;
				CLANG_WARN_CONSTANT_CONVERSION = YES;
				CLANG_WARN_DEPRECATED_OBJC_IMPLEMENTATIONS = YES;
				CLANG_WARN_DIRECT_OBJC_ISA_USAGE = YES_ERROR;
				CLANG_WARN_DOCUMENTATION_COMMENTS = YES;
				CLANG_WARN_EMPTY_BODY = YES;
				CLANG_WARN_ENUM_CONVERSION = YES;
				CLANG_WARN_INFINITE_RECURSION = YES;
				CLANG_WARN_INT_CONVERSION = YES;
				CLANG_WARN_NON_LITERAL_NULL_CONVERSION = YES;
				CLANG_WARN_OBJC_IMPLICIT_RETAIN_SELF = YES;
				CLANG_WARN_OBJC_LITERAL_CONVERSION = YES;
				CLANG_WARN_OBJC_ROOT_CLASS = YES_ERROR;
				CLANG_WARN_RANGE_LOOP_ANALYSIS = YES;
				CLANG_WARN_STRICT_PROTOTYPES = YES;
				CLANG_WARN_SUSPICIOUS_MOVE = YES;
				CLANG_WARN_UNGUARDED_AVAILABILITY = YES_AGGRESSIVE;
				CLANG_WARN_UNREACHABLE_CODE = YES;
				CLANG_WARN__DUPLICATE_METHOD_MATCH = YES;
				COPY_PHASE_STRIP = NO;
				DEBUG_INFORMATION_FORMAT = dwarf;
				ENABLE_STRICT_OBJC_MSGSEND = YES;
				ENABLE_TESTABILITY = YES;
				GCC_C_LANGUAGE_STANDARD = gnu11;
				GCC_DYNAMIC_NO_PIC = NO;
				GCC_NO_COMMON_BLOCKS = YES;
				GCC_OPTIMIZATION_LEVEL = 0;
				GCC_PREPROCESSOR_DEFINITIONS = (
					"DEBUG=1",
					"$(inherited)",
				);
				GCC_WARN_64_TO_32_BIT_CONVERSION = YES;
				GCC_WARN_ABOUT_RETURN_TYPE = YES_ERROR;
				GCC_WARN_UNDECLARED_SELECTOR = YES;
				GCC_WARN_UNINITIALIZED_AUTOS = YES_AGGRESSIVE;
				GCC_WARN_UNUSED_FUNCTION = YES;
				GCC_WARN_UNUSED_VARIABLE = YES;
				IPHONEOS_DEPLOYMENT_TARGET = 13.4;
				MTL_ENABLE_DEBUG_INFO = INCLUDE_SOURCE;
				MTL_FAST_MATH = YES;
				ONLY_ACTIVE_ARCH = YES;
				SDKROOT = iphoneos;
				SWIFT_ACTIVE_COMPILATION_CONDITIONS = DEBUG;
				SWIFT_OPTIMIZATION_LEVEL = "-Onone";
			};
			name = Debug;
		};
		051983D92460145D00AB5E75 /* Release */ = {
			isa = XCBuildConfiguration;
			buildSettings = {
				ALWAYS_SEARCH_USER_PATHS = NO;
				CLANG_ANALYZER_NONNULL = YES;
				CLANG_ANALYZER_NUMBER_OBJECT_CONVERSION = YES_AGGRESSIVE;
				CLANG_CXX_LANGUAGE_STANDARD = "gnu++14";
				CLANG_CXX_LIBRARY = "libc++";
				CLANG_ENABLE_MODULES = YES;
				CLANG_ENABLE_OBJC_ARC = YES;
				CLANG_ENABLE_OBJC_WEAK = YES;
				CLANG_WARN_BLOCK_CAPTURE_AUTORELEASING = YES;
				CLANG_WARN_BOOL_CONVERSION = YES;
				CLANG_WARN_COMMA = YES;
				CLANG_WARN_CONSTANT_CONVERSION = YES;
				CLANG_WARN_DEPRECATED_OBJC_IMPLEMENTATIONS = YES;
				CLANG_WARN_DIRECT_OBJC_ISA_USAGE = YES_ERROR;
				CLANG_WARN_DOCUMENTATION_COMMENTS = YES;
				CLANG_WARN_EMPTY_BODY = YES;
				CLANG_WARN_ENUM_CONVERSION = YES;
				CLANG_WARN_INFINITE_RECURSION = YES;
				CLANG_WARN_INT_CONVERSION = YES;
				CLANG_WARN_NON_LITERAL_NULL_CONVERSION = YES;
				CLANG_WARN_OBJC_IMPLICIT_RETAIN_SELF = YES;
				CLANG_WARN_OBJC_LITERAL_CONVERSION = YES;
				CLANG_WARN_OBJC_ROOT_CLASS = YES_ERROR;
				CLANG_WARN_RANGE_LOOP_ANALYSIS = YES;
				CLANG_WARN_STRICT_PROTOTYPES = YES;
				CLANG_WARN_SUSPICIOUS_MOVE = YES;
				CLANG_WARN_UNGUARDED_AVAILABILITY = YES_AGGRESSIVE;
				CLANG_WARN_UNREACHABLE_CODE = YES;
				CLANG_WARN__DUPLICATE_METHOD_MATCH = YES;
				COPY_PHASE_STRIP = NO;
				DEBUG_INFORMATION_FORMAT = "dwarf-with-dsym";
				ENABLE_NS_ASSERTIONS = NO;
				ENABLE_STRICT_OBJC_MSGSEND = YES;
				GCC_C_LANGUAGE_STANDARD = gnu11;
				GCC_NO_COMMON_BLOCKS = YES;
				GCC_WARN_64_TO_32_BIT_CONVERSION = YES;
				GCC_WARN_ABOUT_RETURN_TYPE = YES_ERROR;
				GCC_WARN_UNDECLARED_SELECTOR = YES;
				GCC_WARN_UNINITIALIZED_AUTOS = YES_AGGRESSIVE;
				GCC_WARN_UNUSED_FUNCTION = YES;
				GCC_WARN_UNUSED_VARIABLE = YES;
				IPHONEOS_DEPLOYMENT_TARGET = 13.4;
				MTL_ENABLE_DEBUG_INFO = NO;
				MTL_FAST_MATH = YES;
				SDKROOT = iphoneos;
				SWIFT_COMPILATION_MODE = wholemodule;
				SWIFT_OPTIMIZATION_LEVEL = "-O";
				VALIDATE_PRODUCT = YES;
			};
			name = Release;
		};
		051983DB2460145D00AB5E75 /* Debug */ = {
			isa = XCBuildConfiguration;
			buildSettings = {
				ASSETCATALOG_COMPILER_APPICON_NAME = AppIcon;
				CODE_SIGN_STYLE = Automatic;
				DEVELOPMENT_TEAM = N4X73VFQ6M;
				INFOPLIST_FILE = TabataTimer/Info.plist;
				LD_RUNPATH_SEARCH_PATHS = (
					"$(inherited)",
					"@executable_path/Frameworks",
				);
				PRODUCT_BUNDLE_IDENTIFIER = com.ivanSavin.TabataTimer;
				PRODUCT_NAME = "$(TARGET_NAME)";
				SWIFT_VERSION = 5.0;
				TARGETED_DEVICE_FAMILY = "1,2";
			};
			name = Debug;
		};
		051983DC2460145D00AB5E75 /* Release */ = {
			isa = XCBuildConfiguration;
			buildSettings = {
				ASSETCATALOG_COMPILER_APPICON_NAME = AppIcon;
				CODE_SIGN_STYLE = Automatic;
				DEVELOPMENT_TEAM = N4X73VFQ6M;
				INFOPLIST_FILE = TabataTimer/Info.plist;
				LD_RUNPATH_SEARCH_PATHS = (
					"$(inherited)",
					"@executable_path/Frameworks",
				);
				PRODUCT_BUNDLE_IDENTIFIER = com.ivanSavin.TabataTimer;
				PRODUCT_NAME = "$(TARGET_NAME)";
				SWIFT_VERSION = 5.0;
				TARGETED_DEVICE_FAMILY = "1,2";
			};
			name = Release;
		};
/* End XCBuildConfiguration section */

/* Begin XCConfigurationList section */
		051983C12460145D00AB5E75 /* Build configuration list for PBXProject "TabataTimer" */ = {
			isa = XCConfigurationList;
			buildConfigurations = (
				051983D82460145D00AB5E75 /* Debug */,
				051983D92460145D00AB5E75 /* Release */,
			);
			defaultConfigurationIsVisible = 0;
			defaultConfigurationName = Release;
		};
		051983DA2460145D00AB5E75 /* Build configuration list for PBXNativeTarget "TabataTimer" */ = {
			isa = XCConfigurationList;
			buildConfigurations = (
				051983DB2460145D00AB5E75 /* Debug */,
				051983DC2460145D00AB5E75 /* Release */,
			);
			defaultConfigurationIsVisible = 0;
			defaultConfigurationName = Release;
		};
/* End XCConfigurationList section */
	};
	rootObject = 051983BE2460145D00AB5E75 /* Project object */;
}
